
Microsoft Visual Studio Solution File, Format Version 12.00
# Visual Studio Version 16
VisualStudioVersion = 16.0.30105.148
MinimumVisualStudioVersion = 10.0.40219.1
Project("{9A19103F-16F7-4668-BE54-9A1E7A4F7556}") = "Infra.SqlServer", "src\Infra.SqlServer\Infra.SqlServer.csproj", "{3B9A1C6C-F17D-43C3-8B49-5B0DBCA5423C}"
EndProject
Global
	GlobalSection(SolutionConfigurationPlatforms) = preSolution
		Debug|Any CPU = Debug|Any CPU
		Release|Any CPU = Release|Any CPU
	EndGlobalSection
	GlobalSection(ProjectConfigurationPlatforms) = postSolution
		{3B9A1C6C-F17D-43C3-8B49-5B0DBCA5423C}.Debug|Any CPU.ActiveCfg = Debug|Any CPU
		{3B9A1C6C-F17D-43C3-8B49-5B0DBCA5423C}.Debug|Any CPU.Build.0 = Debug|Any CPU
		{3B9A1C6C-F17D-43C3-8B49-5B0DBCA5423C}.Release|Any CPU.ActiveCfg = Release|Any CPU
		{3B9A1C6C-F17D-43C3-8B49-5B0DBCA5423C}.Release|Any CPU.Build.0 = Release|Any CPU
	EndGlobalSection
	GlobalSection(SolutionProperties) = preSolution
		HideSolutionNode = FALSE
	EndGlobalSection
	GlobalSection(ExtensibilityGlobals) = postSolution
		SolutionGuid = {3F4465CF-430E-428D-A46E-6816E61C988B}
	EndGlobalSection
EndGlobal
